# THIS IS AN AUTOGENERATED FILE. DO NOT EDIT THIS FILE DIRECTLY.
# yarn lockfile v1


"@haaretz/sass-selectors@^1.0.0":
  version "1.0.0"
  resolved "https://registry.yarnpkg.com/@haaretz/sass-selectors/-/sass-selectors-1.0.0.tgz#d71c89acd9bc34c6445e4ef45d4fb0dd7432a3a6"
  integrity sha512-fjbn7HOeV8qycw2SjPAbJjdNgI62zw58ydkKC0s1GBUXdrLUhyKIoqw/g/Xd2I4bTsFiEGJzrU80WlD1amuP3A==
